
Microsoft Visual Studio Solution File, Format Version 12.00
# Visual Studio Version 16
VisualStudioVersion = 16.0.31624.102
MinimumVisualStudioVersion = 10.0.40219.1
Project("{FAE04EC0-301F-11D3-BF4B-00C04F79EFBC}") = "OOTP_Lab4", "OOTP_Lab4.csproj", "{D5DDE4A4-CAAB-418D-A0D2-65C3CA186726}"
EndProject
Global
	GlobalSection(SolutionConfigurationPlatforms) = preSolution
		Debug|Any CPU = Debug|Any CPU
		Release|Any CPU = Release|Any CPU
	EndGlobalSection
	GlobalSection(ProjectConfigurationPlatforms) = postSolution
		{D5DDE4A4-CAAB-418D-A0D2-65C3CA186726}.Debug|Any CPU.ActiveCfg = Debug|Any CPU
		{D5DDE4A4-CAAB-418D-A0D2-65C3CA186726}.Debug|Any CPU.Build.0 = Debug|Any CPU
		{D5DDE4A4-CAAB-418D-A0D2-65C3CA186726}.Release|Any CPU.ActiveCfg = Release|Any CPU
		{D5DDE4A4-CAAB-418D-A0D2-65C3CA186726}.Release|Any CPU.Build.0 = Release|Any CPU
	EndGlobalSection
	GlobalSection(SolutionProperties) = preSolution
		HideSolutionNode = FALSE
	EndGlobalSection
	GlobalSection(ExtensibilityGlobals) = postSolution
		SolutionGuid = {03F10330-1D18-4347-8017-6296228545AF}
	EndGlobalSection
EndGlobal
