
Microsoft Visual Studio Solution File, Format Version 12.00
# Visual Studio Version 16
VisualStudioVersion = 16.0.31624.102
MinimumVisualStudioVersion = 10.0.40219.1
Project("{FAE04EC0-301F-11D3-BF4B-00C04F79EFBC}") = "OOTP_Lab2", "OOTP_Lab2.csproj", "{A83CA624-FC14-4FEF-A37D-90B6547FD775}"
EndProject
Global
	GlobalSection(SolutionConfigurationPlatforms) = preSolution
		Debug|Any CPU = Debug|Any CPU
		Release|Any CPU = Release|Any CPU
	EndGlobalSection
	GlobalSection(ProjectConfigurationPlatforms) = postSolution
		{A83CA624-FC14-4FEF-A37D-90B6547FD775}.Debug|Any CPU.ActiveCfg = Debug|Any CPU
		{A83CA624-FC14-4FEF-A37D-90B6547FD775}.Debug|Any CPU.Build.0 = Debug|Any CPU
		{A83CA624-FC14-4FEF-A37D-90B6547FD775}.Release|Any CPU.ActiveCfg = Release|Any CPU
		{A83CA624-FC14-4FEF-A37D-90B6547FD775}.Release|Any CPU.Build.0 = Release|Any CPU
	EndGlobalSection
	GlobalSection(SolutionProperties) = preSolution
		HideSolutionNode = FALSE
	EndGlobalSection
	GlobalSection(ExtensibilityGlobals) = postSolution
		SolutionGuid = {2E9EAEFF-66A0-4A4C-B06A-F684EB40293A}
	EndGlobalSection
EndGlobal
